
Microsoft Visual Studio Solution File, Format Version 12.00
# Visual Studio Version 17
VisualStudioVersion = 17.2.32630.192
MinimumVisualStudioVersion = 10.0.40219.1
Project("{FAE04EC0-301F-11D3-BF4B-00C04F79EFBC}") = "SolarTestTask-lvl3", "SolarTestTask-lvl3\SolarTestTask-lvl3.csproj", "{558A79B3-74E2-4F87-AA4D-1BDCD3A2E31F}"
EndProject
Global
	GlobalSection(SolutionConfigurationPlatforms) = preSolution
		Debug|Any CPU = Debug|Any CPU
		Release|Any CPU = Release|Any CPU
	EndGlobalSection
	GlobalSection(ProjectConfigurationPlatforms) = postSolution
		{558A79B3-74E2-4F87-AA4D-1BDCD3A2E31F}.Debug|Any CPU.ActiveCfg = Debug|Any CPU
		{558A79B3-74E2-4F87-AA4D-1BDCD3A2E31F}.Debug|Any CPU.Build.0 = Debug|Any CPU
		{558A79B3-74E2-4F87-AA4D-1BDCD3A2E31F}.Release|Any CPU.ActiveCfg = Release|Any CPU
		{558A79B3-74E2-4F87-AA4D-1BDCD3A2E31F}.Release|Any CPU.Build.0 = Release|Any CPU
	EndGlobalSection
	GlobalSection(SolutionProperties) = preSolution
		HideSolutionNode = FALSE
	EndGlobalSection
	GlobalSection(ExtensibilityGlobals) = postSolution
		SolutionGuid = {54B5E4D4-5243-4A7F-966C-5687036A2536}
	EndGlobalSection
EndGlobal
